github.com/gorilla/mux v1.7.3 h1:gnP5JzjVOuiZD07fKKToCAOjS0yOpj/qPETTXCCS6hw=
github.com/gorilla/mux v1.7.3/go.mod h1:1lud6UwP+6orDFRuTfBEV8e9/aOM/c4fVVCaMa2zaAs=
github.com/lesteven/goRes v0.0.0-20190718211809-15a53c958524 h1:pzlo8r2bAibEunt7yyO1ULPx43b10NzYOgJ5sFzNuFU=
github.com/lesteven/goRes v0.0.0-20190718211809-15a53c958524/go.mod h1:YkTqOXBv7AvK2h+dDRNn3kx8IMQKhcN3j6rafyBqLJ8=
